# THIS IS AN AUTOGENERATED FILE. DO NOT EDIT THIS FILE DIRECTLY.
# yarn lockfile v1


"@fortawesome/fontawesome-free@^5.11.2":
  version "5.12.0"
  resolved "https://registry.yarnpkg.com/@fortawesome/fontawesome-free/-/fontawesome-free-5.12.0.tgz#8ceb9f09edfb85ea18a6c7bf098f6f5dd5ffd62b"
  integrity sha512-vKDJUuE2GAdBERaQWmmtsciAMzjwNrROXA5KTGSZvayAsmuTGjam5z6QNqNPCwDfVljLWuov1nEC3mEQf/n6fQ==

abstract-socket@^2.0.0:
  version "2.1.1"
  resolved "https://registry.yarnpkg.com/abstract-socket/-/abstract-socket-2.1.1.tgz#243a7e6e6ff65bb9eab16a22fa90699b91e528f7"
  integrity sha512-YZJizsvS1aBua5Gd01woe4zuyYBGgSMeqDOB6/ChwdTI904KP6QGtJswXl4hcqWxbz86hQBe++HWV0hF1aGUtA==
  dependencies:
    bindings "^1.2.1"
    nan "^2.12.1"

archiver-utils@^2.1.0:
  version "2.1.0"
  resolved "https://registry.yarnpkg.com/archiver-utils/-/archiver-utils-2.1.0.tgz#e8a460e94b693c3e3da182a098ca6285ba9249e2"
  integrity sha512-bEL/yUb/fNNiNTuUz979Z0Yg5L+LzLxGJz8x79lYmR54fmTIb6ob/hNQgkQnIUDWIFjZVQwl9Xs356I6BAMHfw==
  dependencies:
    glob "^7.1.4"
    graceful-fs "^4.2.0"
    lazystream "^1.0.0"
    lodash.defaults "^4.2.0"
    lodash.difference "^4.5.0"
    lodash.flatten "^4.4.0"
    lodash.isplainobject "^4.0.6"
    lodash.union "^4.6.0"
    normalize-path "^3.0.0"
    readable-stream "^2.0.0"

archiver@^3.1.1:
  version "3.1.1"
  resolved "https://registry.yarnpkg.com/archiver/-/archiver-3.1.1.tgz#9db7819d4daf60aec10fe86b16cb9258ced66ea0"
  integrity sha512-5Hxxcig7gw5Jod/8Gq0OneVgLYET+oNHcxgWItq4TbhOzRLKNAFUb9edAftiMKXvXfCB0vbGrJdZDNq0dWMsxg==
  dependencies:
    archiver-utils "^2.1.0"
    async "^2.6.3"
    buffer-crc32 "^0.2.1"
    glob "^7.1.4"
    readable-stream "^3.4.0"
    tar-stream "^2.1.0"
    zip-stream "^2.1.2"

async@^2.6.3:
  version "2.6.3"
  resolved "https://registry.yarnpkg.com/async/-/async-2.6.3.tgz#d72625e2344a3656e3a3ad4fa749fa83299d82ff"
  integrity sha512-zflvls11DCy+dQWzTW2dzuilv8Z5X/pjfmZOWba6TNIVDm+2UDaJmXSOXlasHKfNBs8oo3M0aT50fDEWfKZjXg==
  dependencies:
    lodash "^4.17.14"

balanced-match@^1.0.0:
  version "1.0.0"
  resolved "https://registry.yarnpkg.com/balanced-match/-/balanced-match-1.0.0.tgz#89b4d199ab2bee49de164ea02b89ce462d71b767"
  integrity sha1-ibTRmasr7kneFk6gK4nORi1xt2c=

base64-js@^1.0.2:
  version "1.3.1"
  resolved "https://registry.yarnpkg.com/base64-js/-/base64-js-1.3.1.tgz#58ece8cb75dd07e71ed08c736abc5fac4dbf8df1"
  integrity sha512-mLQ4i2QO1ytvGWFWmcngKO//JXAQueZvwEKtjgQFM4jIK0kU+ytMfplL8j+n5mspOfjHwoAg+9yhb7BwAHm36g==

bindings@^1.2.1:
  version "1.5.0"
  resolved "https://registry.yarnpkg.com/bindings/-/bindings-1.5.0.tgz#10353c9e945334bc0511a6d90b38fbc7c9c504df"
  integrity sha512-p2q/t/mhvuOj/UeLlV6566GD/guowlr0hHxClI0W9m7MWYkL1F0hLo+0Aexs9HSPCtR1SXQ0TD3MMKrXZajbiQ==
  dependencies:
    file-uri-to-path "1.0.0"

bl@^3.0.0:
  version "3.0.0"
  resolved "https://registry.yarnpkg.com/bl/-/bl-3.0.0.tgz#3611ec00579fd18561754360b21e9f784500ff88"
  integrity sha512-EUAyP5UHU5hxF8BPT0LKW8gjYLhq1DQIcneOX/pL/m2Alo+OYDQAJlHq+yseMP50Os2nHXOSic6Ss3vSQeyf4A==
  dependencies:
    readable-stream "^3.0.1"

brace-expansion@^1.1.7:
  version "1.1.11"
  resolved "https://registry.yarnpkg.com/brace-expansion/-/brace-expansion-1.1.11.tgz#3c7fcbf529d87226f3d2f52b966ff5271eb441dd"
  integrity sha512-iCuPHDFgrHX7H2vEI/5xpz07zSHB00TpugqhmYtVmMO6518mCuRMoOYFldEBl0g187ufozdaHgWKcYFb61qGiA==
  dependencies:
    balanced-match "^1.0.0"
    concat-map "0.0.1"

buffer-crc32@^0.2.1, buffer-crc32@^0.2.13:
  version "0.2.13"
  resolved "https://registry.yarnpkg.com/buffer-crc32/-/buffer-crc32-0.2.13.tgz#0d333e3f00eac50aa1454abd30ef8c2a5d9a7242"
  integrity sha1-DTM+PwDqxQqhRUq9MO+MKl2ackI=

buffer-from@^1.0.0:
  version "1.1.1"
  resolved "https://registry.yarnpkg.com/buffer-from/-/buffer-from-1.1.1.tgz#32713bc028f75c02fdb710d7c7bcec1f2c6070ef"
  integrity sha512-MQcXEUbCKtEo7bhqEs6560Hyd4XaovZlO/k9V3hjVUF/zwW7KBVdSK4gIt/bzwS9MbR5qob+F5jusZsb0YQK2A==

buffer@^5.1.0:
  version "5.4.3"
  resolved "https://registry.yarnpkg.com/buffer/-/buffer-5.4.3.tgz#3fbc9c69eb713d323e3fc1a895eee0710c072115"
  integrity sha512-zvj65TkFeIt3i6aj5bIvJDzjjQQGs4o/sNoezg1F1kYap9Nu2jcUdpwzRSJTHMMzG0H7bZkn4rNQpImhuxWX2A==
  dependencies:
    base64-js "^1.0.2"
    ieee754 "^1.1.4"

compress-commons@^2.1.1:
  version "2.1.1"
  resolved "https://registry.yarnpkg.com/compress-commons/-/compress-commons-2.1.1.tgz#9410d9a534cf8435e3fbbb7c6ce48de2dc2f0610"
  integrity sha512-eVw6n7CnEMFzc3duyFVrQEuY1BlHR3rYsSztyG32ibGMW722i3C6IizEGMFmfMU+A+fALvBIwxN3czffTcdA+Q==
  dependencies:
    buffer-crc32 "^0.2.13"
    crc32-stream "^3.0.1"
    normalize-path "^3.0.0"
    readable-stream "^2.3.6"

concat-map@0.0.1:
  version "0.0.1"
  resolved "https://registry.yarnpkg.com/concat-map/-/concat-map-0.0.1.tgz#d8a96bd77fd68df7793a73036a3ba0d5405d477b"
  integrity sha1-2Klr13/Wjfd5OnMDajug1UBdR3s=

core-util-is@~1.0.0:
  version "1.0.2"
  resolved "https://registry.yarnpkg.com/core-util-is/-/core-util-is-1.0.2.tgz#b5fd54220aa2bc5ab57aab7140c940754503c1a7"
  integrity sha1-tf1UIgqivFq1eqtxQMlAdUUDwac=

crc32-stream@^3.0.1:
  version "3.0.1"
  resolved "https://registry.yarnpkg.com/crc32-stream/-/crc32-stream-3.0.1.tgz#cae6eeed003b0e44d739d279de5ae63b171b4e85"
  integrity sha512-mctvpXlbzsvK+6z8kJwSJ5crm7yBwrQMTybJzMw1O4lLGJqjlDCXY2Zw7KheiA6XBEcBmfLx1D88mjRGVJtY9w==
  dependencies:
    crc "^3.4.4"
    readable-stream "^3.4.0"

crc@^3.4.4:
  version "3.8.0"
  resolved "https://registry.yarnpkg.com/crc/-/crc-3.8.0.tgz#ad60269c2c856f8c299e2c4cc0de4556914056c6"
  integrity sha512-iX3mfgcTMIq3ZKLIsVFAbv7+Mc10kxabAGQb8HvjA1o3T1PIYprbakQ65d3I+2HGHt6nSKkM9PYjgoJO2KcFBQ==
  dependencies:
    buffer "^5.1.0"

dbus-next@^0.5.1:
  version "0.5.1"
  resolved "https://registry.yarnpkg.com/dbus-next/-/dbus-next-0.5.1.tgz#94bb1a30d744bc75045be40e40b59e7a195fd882"
  integrity sha512-PzsudTX5HMLocSuwHefIohto8L4Gnh5ST2+VNAoax9Xurh+lTosmXIfgi/Mrc93vqUU3D1v7jE9/vjiWd3KIbA==
  dependencies:
    event-stream "3.3.4"
    hexy "^0.2.10"
    jsbi "^2.0.5"
    long "^4.0.0"
    put "0.0.6"
    safe-buffer "^5.1.1"
    xml2js "^0.4.17"
  optionalDependencies:
    abstract-socket "^2.0.0"

deep-equal@^1.0.1:
  version "1.1.1"
  resolved "https://registry.yarnpkg.com/deep-equal/-/deep-equal-1.1.1.tgz#b5c98c942ceffaf7cb051e24e1434a25a2e6076a"
  integrity sha512-yd9c5AdiqVcR+JjcwUQb9DkhJc8ngNr0MahEBGvDiJw8puWab2yZlh+nkasOnZP+EGTAP6rRp2JzJhJZzvNF8g==
  dependencies:
    is-arguments "^1.0.4"
    is-date-object "^1.0.1"
    is-regex "^1.0.4"
    object-is "^1.0.1"
    object-keys "^1.1.1"
    regexp.prototype.flags "^1.2.0"

define-properties@^1.1.2, define-properties@^1.1.3:
  version "1.1.3"
  resolved "https://registry.yarnpkg.com/define-properties/-/define-properties-1.1.3.tgz#cf88da6cbee26fe6db7094f61d870cbd84cee9f1"
  integrity sha512-3MqfYKj2lLzdMSf8ZIZE/V+Zuy+BgD6f164e8K2w7dgnpKArBDerGYpM46IYYcjnkdPNMjPk9A6VFB8+3SKlXQ==
  dependencies:
    object-keys "^1.0.12"

duplexer@~0.1.1:
  version "0.1.1"
  resolved "https://registry.yarnpkg.com/duplexer/-/duplexer-0.1.1.tgz#ace6ff808c1ce66b57d1ebf97977acb02334cfc1"
  integrity sha1-rOb/gIwc5mtX0ev5eXessCM0z8E=

end-of-stream@^1.4.1:
  version "1.4.4"
  resolved "https://registry.yarnpkg.com/end-of-stream/-/end-of-stream-1.4.4.tgz#5ae64a5f45057baf3626ec14da0ca5e4b2431eb0"
  integrity sha512-+uw1inIHVPQoaVuHzRyXd21icM+cnt4CzD5rW+NC1wjOUSTOs+Te7FOv7AhN7vS9x/oIyhLP5PR1H+phQAHu5Q==
  dependencies:
    once "^1.4.0"

es-abstract@^1.17.0-next.1:
  version "1.17.0"
  resolved "https://registry.yarnpkg.com/es-abstract/-/es-abstract-1.17.0.tgz#f42a517d0036a5591dbb2c463591dc8bb50309b1"
  integrity sha512-yYkE07YF+6SIBmg1MsJ9dlub5L48Ek7X0qz+c/CPCHS9EBXfESorzng4cJQjJW5/pB6vDF41u7F8vUhLVDqIug==
  dependencies:
    es-to-primitive "^1.2.1"
    function-bind "^1.1.1"
    has "^1.0.3"
    has-symbols "^1.0.1"
    is-callable "^1.1.5"
    is-regex "^1.0.5"
    object-inspect "^1.7.0"
    object-keys "^1.1.1"
    object.assign "^4.1.0"
    string.prototype.trimleft "^2.1.1"
    string.prototype.trimright "^2.1.1"

es-to-primitive@^1.2.1:
  version "1.2.1"
  resolved "https://registry.yarnpkg.com/es-to-primitive/-/es-to-primitive-1.2.1.tgz#e55cd4c9cdc188bcefb03b366c736323fc5c898a"
  integrity sha512-QCOllgZJtaUo9miYBcLChTUaHNjJF3PYs1VidD7AwiEj1kYxKeQTctLAezAOH5ZKRH0g2IgPn6KwB4IT8iRpvA==
  dependencies:
    is-callable "^1.1.4"
    is-date-object "^1.0.1"
    is-symbol "^1.0.2"

event-stream@3.3.4:
  version "3.3.4"
  resolved "https://registry.yarnpkg.com/event-stream/-/event-stream-3.3.4.tgz#4ab4c9a0f5a54db9338b4c34d86bfce8f4b35571"
  integrity sha1-SrTJoPWlTbkzi0w02Gv86PSzVXE=
  dependencies:
    duplexer "~0.1.1"
    from "~0"
    map-stream "~0.1.0"
    pause-stream "0.0.11"
    split "0.3"
    stream-combiner "~0.0.4"
    through "~2.3.1"

file-uri-to-path@1.0.0:
  version "1.0.0"
  resolved "https://registry.yarnpkg.com/file-uri-to-path/-/file-uri-to-path-1.0.0.tgz#553a7b8446ff6f684359c445f1e37a05dacc33dd"
  integrity sha512-0Zt+s3L7Vf1biwWZ29aARiVYLx7iMGnEUl9x33fbB/j3jR81u/O2LbqK+Bm1CDSNDKVtJ/YjwY7TUd5SkeLQLw==

from@~0:
  version "0.1.7"
  resolved "https://registry.yarnpkg.com/from/-/from-0.1.7.tgz#83c60afc58b9c56997007ed1a768b3ab303a44fe"
  integrity sha1-g8YK/Fi5xWmXAH7Rp2izqzA6RP4=

fs-constants@^1.0.0:
  version "1.0.0"
  resolved "https://registry.yarnpkg.com/fs-constants/-/fs-constants-1.0.0.tgz#6be0de9be998ce16af8afc24497b9ee9b7ccd9ad"
  integrity sha512-y6OAwoSIf7FyjMIv94u+b5rdheZEjzR63GTyZJm5qh4Bi+2YgwLCcI/fPFZkL5PSixOt6ZNKm+w+Hfp/Bciwow==

fs.realpath@^1.0.0:
  version "1.0.0"
  resolved "https://registry.yarnpkg.com/fs.realpath/-/fs.realpath-1.0.0.tgz#1504ad2523158caa40db4a2787cb01411994ea4f"
  integrity sha1-FQStJSMVjKpA20onh8sBQRmU6k8=

function-bind@^1.1.1:
  version "1.1.1"
  resolved "https://registry.yarnpkg.com/function-bind/-/function-bind-1.1.1.tgz#a56899d3ea3c9bab874bb9773b7c5ede92f4895d"
  integrity sha512-yIovAzMX49sF8Yl58fSCWJ5svSLuaibPxXQJFLmBObTuCr0Mf1KiPopGM9NiFjiYBCbfaa2Fh6breQ6ANVTI0A==

glob@^7.1.4, glob@^7.1.6:
  version "7.1.6"
  resolved "https://registry.yarnpkg.com/glob/-/glob-7.1.6.tgz#141f33b81a7c2492e125594307480c46679278a6"
  integrity sha512-LwaxwyZ72Lk7vZINtNNrywX0ZuLyStrdDtabefZKAY5ZGJhVtgdznluResxNmPitE0SAO+O26sWTHeKSI2wMBA==
  dependencies:
    fs.realpath "^1.0.0"
    inflight "^1.0.4"
    inherits "2"
    minimatch "^3.0.4"
    once "^1.3.0"
    path-is-absolute "^1.0.0"

graceful-fs@^4.2.0:
  version "4.2.3"
  resolved "https://registry.yarnpkg.com/graceful-fs/-/graceful-fs-4.2.3.tgz#4a12ff1b60376ef09862c2093edd908328be8423"
  integrity sha512-a30VEBm4PEdx1dRB7MFK7BejejvCvBronbLjht+sHuGYj8PHs7M/5Z+rt5lw551vZ7yfTCj4Vuyy3mSJytDWRQ==

has-symbols@^1.0.0, has-symbols@^1.0.1:
  version "1.0.1"
  resolved "https://registry.yarnpkg.com/has-symbols/-/has-symbols-1.0.1.tgz#9f5214758a44196c406d9bd76cebf81ec2dd31e8"
  integrity sha512-PLcsoqu++dmEIZB+6totNFKq/7Do+Z0u4oT0zKOJNl3lYK6vGwwu2hjHs+68OEZbTjiUE9bgOABXbP/GvrS0Kg==

has@^1.0.3:
  version "1.0.3"
  resolved "https://registry.yarnpkg.com/has/-/has-1.0.3.tgz#722d7cbfc1f6aa8241f16dd814e011e1f41e8796"
  integrity sha512-f2dvO0VU6Oej7RkWJGrehjbzMAjFp5/VKPp5tTpWIV4JHHZK1/BxbFRtf/siA2SWTe09caDmVtYYzWEIbBS4zw==
  dependencies:
    function-bind "^1.1.1"

hexy@^0.2.10:
  version "0.2.11"
  resolved "https://registry.yarnpkg.com/hexy/-/hexy-0.2.11.tgz#9939c25cb6f86a91302f22b8a8a72573518e25b4"
  integrity sha512-ciq6hFsSG/Bpt2DmrZJtv+56zpPdnq+NQ4ijEFrveKN0ZG1mhl/LdT1NQZ9se6ty1fACcI4d4vYqC9v8EYpH2A==

ieee754@^1.1.4:
  version "1.1.13"
  resolved "https://registry.yarnpkg.com/ieee754/-/ieee754-1.1.13.tgz#ec168558e95aa181fd87d37f55c32bbcb6708b84"
  integrity sha512-4vf7I2LYV/HaWerSo3XmlMkp5eZ83i+/CDluXi/IGTs/O1sejBNhTtnxzmRZfvOUqj7lZjqHkeTvpgSFDlWZTg==

inflight@^1.0.4:
  version "1.0.6"
  resolved "https://registry.yarnpkg.com/inflight/-/inflight-1.0.6.tgz#49bd6331d7d02d0c09bc910a1075ba8165b56df9"
  integrity sha1-Sb1jMdfQLQwJvJEKEHW6gWW1bfk=
  dependencies:
    once "^1.3.0"
    wrappy "1"

inherits@2, inherits@^2.0.3, inherits@~2.0.3:
  version "2.0.4"
  resolved "https://registry.yarnpkg.com/inherits/-/inherits-2.0.4.tgz#0fa2c64f932917c3433a0ded55363aae37416b7c"
  integrity sha512-k/vGaX4/Yla3WzyMCvTQOXYeIHvqOKtnqBduzTHpzpQZzAskKMhZ2K+EnBiSM9zGSoIFeMpXKxa4dYeZIQqewQ==

is-arguments@^1.0.4:
  version "1.0.4"
  resolved "https://registry.yarnpkg.com/is-arguments/-/is-arguments-1.0.4.tgz#3faf966c7cba0ff437fb31f6250082fcf0448cf3"
  integrity sha512-xPh0Rmt8NE65sNzvyUmWgI1tz3mKq74lGA0mL8LYZcoIzKOzDh6HmrYm3d18k60nHerC8A9Km8kYu87zfSFnLA==

is-callable@^1.1.4, is-callable@^1.1.5:
  version "1.1.5"
  resolved "https://registry.yarnpkg.com/is-callable/-/is-callable-1.1.5.tgz#f7e46b596890456db74e7f6e976cb3273d06faab"
  integrity sha512-ESKv5sMCJB2jnHTWZ3O5itG+O128Hsus4K4Qh1h2/cgn2vbgnLSVqfV46AeJA9D5EeeLa9w81KUXMtn34zhX+Q==

is-date-object@^1.0.1:
  version "1.0.2"
  resolved "https://registry.yarnpkg.com/is-date-object/-/is-date-object-1.0.2.tgz#bda736f2cd8fd06d32844e7743bfa7494c3bfd7e"
  integrity sha512-USlDT524woQ08aoZFzh3/Z6ch9Y/EWXEHQ/AaRN0SkKq4t2Jw2R2339tSXmwuVoY7LLlBCbOIlx2myP/L5zk0g==

is-regex@^1.0.4, is-regex@^1.0.5:
  version "1.0.5"
  resolved "https://registry.yarnpkg.com/is-regex/-/is-regex-1.0.5.tgz#39d589a358bf18967f726967120b8fc1aed74eae"
  integrity sha512-vlKW17SNq44owv5AQR3Cq0bQPEb8+kF3UKZ2fiZNOWtztYE5i0CzCZxFDwO58qAOWtxdBRVO/V5Qin1wjCqFYQ==
  dependencies:
    has "^1.0.3"

is-symbol@^1.0.2:
  version "1.0.3"
  resolved "https://registry.yarnpkg.com/is-symbol/-/is-symbol-1.0.3.tgz#38e1014b9e6329be0de9d24a414fd7441ec61937"
  integrity sha512-OwijhaRSgqvhm/0ZdAcXNZt9lYdKFpcRDT5ULUuYXPoT794UNOdU+gpT6Rzo7b4V2HUl/op6GqY894AZwv9faQ==
  dependencies:
    has-symbols "^1.0.1"

isarray@~1.0.0:
  version "1.0.0"
  resolved "https://registry.yarnpkg.com/isarray/-/isarray-1.0.0.tgz#bb935d48582cba168c06834957a54a3e07124f11"
  integrity sha1-u5NdSFgsuhaMBoNJV6VKPgcSTxE=

jsbi@^2.0.5:
  version "2.0.5"
  resolved "https://registry.yarnpkg.com/jsbi/-/jsbi-2.0.5.tgz#82589011da87dc59b4b549d94dcef51a9155f6fe"
  integrity sha512-TzO/62Hxeb26QMb4IGlI/5X+QLr9Uqp1FPkwp2+KOICW+Q+vSuFj61c8pkT6wAns4WcK56X7CmSHhJeDGWOqxQ==

lazystream@^1.0.0:
  version "1.0.0"
  resolved "https://registry.yarnpkg.com/lazystream/-/lazystream-1.0.0.tgz#f6995fe0f820392f61396be89462407bb77168e4"
  integrity sha1-9plf4PggOS9hOWvolGJAe7dxaOQ=
  dependencies:
    readable-stream "^2.0.5"

lodash.defaults@^4.2.0:
  version "4.2.0"
  resolved "https://registry.yarnpkg.com/lodash.defaults/-/lodash.defaults-4.2.0.tgz#d09178716ffea4dde9e5fb7b37f6f0802274580c"
  integrity sha1-0JF4cW/+pN3p5ft7N/bwgCJ0WAw=

lodash.difference@^4.5.0:
  version "4.5.0"
  resolved "https://registry.yarnpkg.com/lodash.difference/-/lodash.difference-4.5.0.tgz#9ccb4e505d486b91651345772885a2df27fd017c"
  integrity sha1-nMtOUF1Ia5FlE0V3KIWi3yf9AXw=

lodash.flatten@^4.4.0:
  version "4.4.0"
  resolved "https://registry.yarnpkg.com/lodash.flatten/-/lodash.flatten-4.4.0.tgz#f31c22225a9632d2bbf8e4addbef240aa765a61f"
  integrity sha1-8xwiIlqWMtK7+OSt2+8kCqdlph8=

lodash.isplainobject@^4.0.6:
  version "4.0.6"
  resolved "https://registry.yarnpkg.com/lodash.isplainobject/-/lodash.isplainobject-4.0.6.tgz#7c526a52d89b45c45cc690b88163be0497f550cb"
  integrity sha1-fFJqUtibRcRcxpC4gWO+BJf1UMs=

lodash.union@^4.6.0:
  version "4.6.0"
  resolved "https://registry.yarnpkg.com/lodash.union/-/lodash.union-4.6.0.tgz#48bb5088409f16f1821666641c44dd1aaae3cd88"
  integrity sha1-SLtQiECfFvGCFmZkHETdGqrjzYg=

lodash@^4.17.14:
  version "4.17.15"
  resolved "https://registry.yarnpkg.com/lodash/-/lodash-4.17.15.tgz#b447f6670a0455bbfeedd11392eff330ea097548"
  integrity sha512-8xOcRHvCjnocdS5cpwXQXVzmmh5e5+saE2QGoeQmbKmRS6J3VQppPOIt0MnmE+4xlZoumy0GPG0D0MVIQbNA1A==

long@^4.0.0:
  version "4.0.0"
  resolved "https://registry.yarnpkg.com/long/-/long-4.0.0.tgz#9a7b71cfb7d361a194ea555241c92f7468d5bf28"
  integrity sha512-XsP+KhQif4bjX1kbuSiySJFNAehNxgLb6hPRGJ9QsUr8ajHkuXGdrHmFUTUUXhDwVX2R5bY4JNZEwbUiMhV+MA==

map-stream@~0.1.0:
  version "0.1.0"
  resolved "https://registry.yarnpkg.com/map-stream/-/map-stream-0.1.0.tgz#e56aa94c4c8055a16404a0674b78f215f7c8e194"
  integrity sha1-5WqpTEyAVaFkBKBnS3jyFffI4ZQ=

minimatch@^3.0.4:
  version "3.0.4"
  resolved "https://registry.yarnpkg.com/minimatch/-/minimatch-3.0.4.tgz#5166e286457f03306064be5497e8dbb0c3d32083"
  integrity sha512-yJHVQEhyqPLUTgt9B83PXu6W3rx4MvvHvSUvToogpwoGDOUQ+yDrR0HRot+yOCdCO7u4hX3pWft6kWBBcqh0UA==
  dependencies:
    brace-expansion "^1.1.7"

mpris-service@^2.1.0:
  version "2.1.0"
  resolved "https://registry.yarnpkg.com/mpris-service/-/mpris-service-2.1.0.tgz#0bbfb5b47a9b3e01ce8b9a41a8aef0ad3210c909"
  integrity sha512-HWFimtWYrfm7iMz8VjTrY68c2vwBMb5kDXqAQ9GmgIMv5exfgz+w277F1XFBc72Nu6FM3QH6jqMGT89m2MMDBg==
  dependencies:
    dbus-next "^0.5.1"
    deep-equal "^1.0.1"
    source-map-support "^0.5.11"

nan@^2.12.1:
  version "2.14.0"
  resolved "https://registry.yarnpkg.com/nan/-/nan-2.14.0.tgz#7818f722027b2459a86f0295d434d1fc2336c52c"
  integrity sha512-INOFj37C7k3AfaNTtX8RhsTw7qRy7eLET14cROi9+5HAVbbHuIWUHEauBv5qT4Av2tWasiTY1Jw6puUNqRJXQg==

normalize-path@^3.0.0:
  version "3.0.0"
  resolved "https://registry.yarnpkg.com/normalize-path/-/normalize-path-3.0.0.tgz#0dcd69ff23a1c9b11fd0978316644a0388216a65"
  integrity sha512-6eZs5Ls3WtCisHWp9S2GUy8dqkpGi4BVSz3GaqiE6ezub0512ESztXUwUB6C6IKbQkY2Pnb/mD4WYojCRwcwLA==

object-inspect@^1.7.0:
  version "1.7.0"
  resolved "https://registry.yarnpkg.com/object-inspect/-/object-inspect-1.7.0.tgz#f4f6bd181ad77f006b5ece60bd0b6f398ff74a67"
  integrity sha512-a7pEHdh1xKIAgTySUGgLMx/xwDZskN1Ud6egYYN3EdRW4ZMPNEDUTF+hwy2LUC+Bl+SyLXANnwz/jyh/qutKUw==

object-is@^1.0.1:
  version "1.0.2"
  resolved "https://registry.yarnpkg.com/object-is/-/object-is-1.0.2.tgz#6b80eb84fe451498f65007982f035a5b445edec4"
  integrity sha512-Epah+btZd5wrrfjkJZq1AOB9O6OxUQto45hzFd7lXGrpHPGE0W1k+426yrZV+k6NJOzLNNW/nVsmZdIWsAqoOQ==

object-keys@^1.0.11, object-keys@^1.0.12, object-keys@^1.1.1:
  version "1.1.1"
  resolved "https://registry.yarnpkg.com/object-keys/-/object-keys-1.1.1.tgz#1c47f272df277f3b1daf061677d9c82e2322c60e"
  integrity sha512-NuAESUOUMrlIXOfHKzD6bpPu3tYt3xvjNdRIQ+FeT0lNb4K8WR70CaDxhuNguS2XG+GjkyMwOzsN5ZktImfhLA==

object.assign@^4.1.0:
  version "4.1.0"
  resolved "https://registry.yarnpkg.com/object.assign/-/object.assign-4.1.0.tgz#968bf1100d7956bb3ca086f006f846b3bc4008da"
  integrity sha512-exHJeq6kBKj58mqGyTQ9DFvrZC/eR6OwxzoM9YRoGBqrXYonaFyGiFMuc9VZrXf7DarreEwMpurG3dd+CNyW5w==
  dependencies:
    define-properties "^1.1.2"
    function-bind "^1.1.1"
    has-symbols "^1.0.0"
    object-keys "^1.0.11"

once@^1.3.0, once@^1.4.0:
  version "1.4.0"
  resolved "https://registry.yarnpkg.com/once/-/once-1.4.0.tgz#583b1aa775961d4b113ac17d9c50baef9dd76bd1"
  integrity sha1-WDsap3WWHUsROsF9nFC6753Xa9E=
  dependencies:
    wrappy "1"

path-is-absolute@^1.0.0:
  version "1.0.1"
  resolved "https://registry.yarnpkg.com/path-is-absolute/-/path-is-absolute-1.0.1.tgz#174b9268735534ffbc7ace6bf53a5a9e1b5c5f5f"
  integrity sha1-F0uSaHNVNP+8es5r9TpanhtcX18=

pause-stream@0.0.11:
  version "0.0.11"
  resolved "https://registry.yarnpkg.com/pause-stream/-/pause-stream-0.0.11.tgz#fe5a34b0cbce12b5aa6a2b403ee2e73b602f1445"
  integrity sha1-/lo0sMvOErWqaitAPuLnO2AvFEU=
  dependencies:
    through "~2.3"

process-nextick-args@~2.0.0:
  version "2.0.1"
  resolved "https://registry.yarnpkg.com/process-nextick-args/-/process-nextick-args-2.0.1.tgz#7820d9b16120cc55ca9ae7792680ae7dba6d7fe2"
  integrity sha512-3ouUOpQhtgrbOa17J7+uxOTpITYWaGP7/AhoR3+A+/1e9skrzelGi/dXzEYyvbxubEF6Wn2ypscTKiKJFFn1ag==

put@0.0.6:
  version "0.0.6"
  resolved "https://registry.yarnpkg.com/put/-/put-0.0.6.tgz#30f5f60bd6e4389bd329e16a25386cbb2e4a00a3"
  integrity sha1-MPX2C9bkOJvTKeFqJThsuy5KAKM=

readable-stream@^2.0.0, readable-stream@^2.0.5, readable-stream@^2.3.6:
  version "2.3.7"
  resolved "https://registry.yarnpkg.com/readable-stream/-/readable-stream-2.3.7.tgz#1eca1cf711aef814c04f62252a36a62f6cb23b57"
  integrity sha512-Ebho8K4jIbHAxnuxi7o42OrZgF/ZTNcsZj6nRKyUmkhLFq8CHItp/fy6hQZuZmP/n3yZ9VBUbp4zz/mX8hmYPw==
  dependencies:
    core-util-is "~1.0.0"
    inherits "~2.0.3"
    isarray "~1.0.0"
    process-nextick-args "~2.0.0"
    safe-buffer "~5.1.1"
    string_decoder "~1.1.1"
    util-deprecate "~1.0.1"

readable-stream@^3.0.1, readable-stream@^3.1.1, readable-stream@^3.4.0:
  version "3.5.0"
  resolved "https://registry.yarnpkg.com/readable-stream/-/readable-stream-3.5.0.tgz#465d70e6d1087f6162d079cd0b5db7fbebfd1606"
  integrity sha512-gSz026xs2LfxBPudDuI41V1lka8cxg64E66SGe78zJlsUofOg/yqwezdIcdfwik6B4h8LFmWPA9ef9X3FiNFLA==
  dependencies:
    inherits "^2.0.3"
    string_decoder "^1.1.1"
    util-deprecate "^1.0.1"

regexp.prototype.flags@^1.2.0:
  version "1.3.0"
  resolved "https://registry.yarnpkg.com/regexp.prototype.flags/-/regexp.prototype.flags-1.3.0.tgz#7aba89b3c13a64509dabcf3ca8d9fbb9bdf5cb75"
  integrity sha512-2+Q0C5g951OlYlJz6yu5/M33IcsESLlLfsyIaLJaG4FA2r4yP8MvVMJUUP/fVBkSpbbbZlS5gynbEWLipiiXiQ==
  dependencies:
    define-properties "^1.1.3"
    es-abstract "^1.17.0-next.1"

safe-buffer@^5.1.1, safe-buffer@~5.2.0:
  version "5.2.0"
  resolved "https://registry.yarnpkg.com/safe-buffer/-/safe-buffer-5.2.0.tgz#b74daec49b1148f88c64b68d49b1e815c1f2f519"
  integrity sha512-fZEwUGbVl7kouZs1jCdMLdt95hdIv0ZeHg6L7qPeciMZhZ+/gdesW4wgTARkrFWEpspjEATAzUGPG8N2jJiwbg==

safe-buffer@~5.1.0, safe-buffer@~5.1.1:
  version "5.1.2"
  resolved "https://registry.yarnpkg.com/safe-buffer/-/safe-buffer-5.1.2.tgz#991ec69d296e0313747d59bdfd2b745c35f8828d"
  integrity sha512-Gd2UZBJDkXlY7GbJxfsE8/nvKkUEU1G38c1siN6QP6a9PT9MmHB8GnpscSmMJSoF8LOIrt8ud/wPtojys4G6+g==

sax@>=0.6.0:
  version "1.2.4"
  resolved "https://registry.yarnpkg.com/sax/-/sax-1.2.4.tgz#2816234e2378bddc4e5354fab5caa895df7100d9"
  integrity sha512-NqVDv9TpANUjFm0N8uM5GxL36UgKi9/atZw+x7YFnQ8ckwFGKrl4xX4yWtrey3UJm5nP1kUbnYgLopqWNSRhWw==

source-map-support@^0.5.11:
  version "0.5.16"
  resolved "https://registry.yarnpkg.com/source-map-support/-/source-map-support-0.5.16.tgz#0ae069e7fe3ba7538c64c98515e35339eac5a042"
  integrity sha512-efyLRJDr68D9hBBNIPWFjhpFzURh+KJykQwvMyW5UiZzYwoF6l4YMMDIJJEyFWxWCqfyxLzz6tSfUFR+kXXsVQ==
  dependencies:
    buffer-from "^1.0.0"
    source-map "^0.6.0"

source-map@^0.6.0:
  version "0.6.1"
  resolved "https://registry.yarnpkg.com/source-map/-/source-map-0.6.1.tgz#74722af32e9614e9c287a8d0bbde48b5e2f1a263"
  integrity sha512-UjgapumWlbMhkBgzT7Ykc5YXUT46F0iKu8SGXq0bcwP5dz/h0Plj6enJqjz1Zbq2l5WaqYnrVbwWOWMyF3F47g==

split@0.3:
  version "0.3.3"
  resolved "https://registry.yarnpkg.com/split/-/split-0.3.3.tgz#cd0eea5e63a211dfff7eb0f091c4133e2d0dd28f"
  integrity sha1-zQ7qXmOiEd//frDwkcQTPi0N0o8=
  dependencies:
    through "2"

stream-combiner@~0.0.4:
  version "0.0.4"
  resolved "https://registry.yarnpkg.com/stream-combiner/-/stream-combiner-0.0.4.tgz#4d5e433c185261dde623ca3f44c586bcf5c4ad14"
  integrity sha1-TV5DPBhSYd3mI8o/RMWGvPXErRQ=
  dependencies:
    duplexer "~0.1.1"

string.prototype.trimleft@^2.1.1:
  version "2.1.1"
  resolved "https://registry.yarnpkg.com/string.prototype.trimleft/-/string.prototype.trimleft-2.1.1.tgz#9bdb8ac6abd6d602b17a4ed321870d2f8dcefc74"
  integrity sha512-iu2AGd3PuP5Rp7x2kEZCrB2Nf41ehzh+goo8TV7z8/XDBbsvc6HQIlUl9RjkZ4oyrW1XM5UwlGl1oVEaDjg6Ag==
  dependencies:
    define-properties "^1.1.3"
    function-bind "^1.1.1"

string.prototype.trimright@^2.1.1:
  version "2.1.1"
  resolved "https://registry.yarnpkg.com/string.prototype.trimright/-/string.prototype.trimright-2.1.1.tgz#440314b15996c866ce8a0341894d45186200c5d9"
  integrity sha512-qFvWL3/+QIgZXVmJBfpHmxLB7xsUXz6HsUmP8+5dRaC3Q7oKUv9Vo6aMCRZC1smrtyECFsIT30PqBJ1gTjAs+g==
  dependencies:
    define-properties "^1.1.3"
    function-bind "^1.1.1"

string_decoder@^1.1.1:
  version "1.3.0"
  resolved "https://registry.yarnpkg.com/string_decoder/-/string_decoder-1.3.0.tgz#42f114594a46cf1a8e30b0a84f56c78c3edac21e"
  integrity sha512-hkRX8U1WjJFd8LsDJ2yQ/wWWxaopEsABU1XfkM8A+j0+85JAGppt16cr1Whg6KIbb4okU6Mql6BOj+uup/wKeA==
  dependencies:
    safe-buffer "~5.2.0"

string_decoder@~1.1.1:
  version "1.1.1"
  resolved "https://registry.yarnpkg.com/string_decoder/-/string_decoder-1.1.1.tgz#9cf1611ba62685d7030ae9e4ba34149c3af03fc8"
  integrity sha512-n/ShnvDi6FHbbVfviro+WojiFzv+s8MPMHBczVePfUpDJLwoLT0ht1l4YwBCbi8pJAveEEdnkHyPyTP/mzRfwg==
  dependencies:
    safe-buffer "~5.1.0"

tar-stream@^2.1.0:
  version "2.1.0"
  resolved "https://registry.yarnpkg.com/tar-stream/-/tar-stream-2.1.0.tgz#d1aaa3661f05b38b5acc9b7020efdca5179a2cc3"
  integrity sha512-+DAn4Nb4+gz6WZigRzKEZl1QuJVOLtAwwF+WUxy1fJ6X63CaGaUAxJRD2KEn1OMfcbCjySTYpNC6WmfQoIEOdw==
  dependencies:
    bl "^3.0.0"
    end-of-stream "^1.4.1"
    fs-constants "^1.0.0"
    inherits "^2.0.3"
    readable-stream "^3.1.1"

through@2, through@~2.3, through@~2.3.1:
  version "2.3.8"
  resolved "https://registry.yarnpkg.com/through/-/through-2.3.8.tgz#0dd4c9ffaabc357960b1b724115d7e0e86a2e1f5"
  integrity sha1-DdTJ/6q8NXlgsbckEV1+Doai4fU=

util-deprecate@^1.0.1, util-deprecate@~1.0.1:
  version "1.0.2"
  resolved "https://registry.yarnpkg.com/util-deprecate/-/util-deprecate-1.0.2.tgz#450d4dc9fa70de732762fbd2d4a28981419a0ccf"
  integrity sha1-RQ1Nyfpw3nMnYvvS1KKJgUGaDM8=

wrappy@1:
  version "1.0.2"
  resolved "https://registry.yarnpkg.com/wrappy/-/wrappy-1.0.2.tgz#b5243d8f3ec1aa35f1364605bc0d1036e30ab69f"
  integrity sha1-tSQ9jz7BqjXxNkYFvA0QNuMKtp8=

xml2js@^0.4.17:
  version "0.4.23"
  resolved "https://registry.yarnpkg.com/xml2js/-/xml2js-0.4.23.tgz#a0c69516752421eb2ac758ee4d4ccf58843eac66"
  integrity sha512-ySPiMjM0+pLDftHgXY4By0uswI3SPKLDw/i3UXbnO8M/p28zqexCUoPmQFrYD+/1BzhGJSs2i1ERWKJAtiLrug==
  dependencies:
    sax ">=0.6.0"
    xmlbuilder "~11.0.0"

xmlbuilder@~11.0.0:
  version "11.0.1"
  resolved "https://registry.yarnpkg.com/xmlbuilder/-/xmlbuilder-11.0.1.tgz#be9bae1c8a046e76b31127726347d0ad7002beb3"
  integrity sha512-fDlsI/kFEx7gLvbecc0/ohLG50fugQp8ryHzMTuW9vSa1GJ0XYWKnhsUx7oie3G98+r56aTQIUB4kht42R3JvA==

zip-stream@^2.1.2:
  version "2.1.3"
  resolved "https://registry.yarnpkg.com/zip-stream/-/zip-stream-2.1.3.tgz#26cc4bdb93641a8590dd07112e1f77af1758865b"
  integrity sha512-EkXc2JGcKhO5N5aZ7TmuNo45budRaFGHOmz24wtJR7znbNqDPmdZtUauKX6et8KAVseAMBOyWJqEpXcHTBsh7Q==
  dependencies:
    archiver-utils "^2.1.0"
    compress-commons "^2.1.1"
    readable-stream "^3.4.0"
